
Microsoft Visual Studio Solution File, Format Version 12.00
# Visual Studio Version 17
VisualStudioVersion = 17.0.32014.148
MinimumVisualStudioVersion = 10.0.40219.1
Project("{FAE04EC0-301F-11D3-BF4B-00C04F79EFBC}") = "MK_MVC", "MK_MVC\MK_MVC.csproj", "{01606EB6-A5C2-42D5-91A4-878ECF086C6A}"
EndProject
Global
	GlobalSection(SolutionConfigurationPlatforms) = preSolution
		Debug|Any CPU = Debug|Any CPU
		Release|Any CPU = Release|Any CPU
	EndGlobalSection
	GlobalSection(ProjectConfigurationPlatforms) = postSolution
		{01606EB6-A5C2-42D5-91A4-878ECF086C6A}.Debug|Any CPU.ActiveCfg = Debug|Any CPU
		{01606EB6-A5C2-42D5-91A4-878ECF086C6A}.Debug|Any CPU.Build.0 = Debug|Any CPU
		{01606EB6-A5C2-42D5-91A4-878ECF086C6A}.Release|Any CPU.ActiveCfg = Release|Any CPU
		{01606EB6-A5C2-42D5-91A4-878ECF086C6A}.Release|Any CPU.Build.0 = Release|Any CPU
	EndGlobalSection
	GlobalSection(SolutionProperties) = preSolution
		HideSolutionNode = FALSE
	EndGlobalSection
	GlobalSection(ExtensibilityGlobals) = postSolution
		SolutionGuid = {034B0593-77BF-45BC-98DB-52AB263AC5A0}
	EndGlobalSection
EndGlobal
